
Microsoft Visual Studio Solution File, Format Version 12.00
# Visual Studio 14
VisualStudioVersion = 14.0.25420.1
MinimumVisualStudioVersion = 10.0.40219.1
Project("{FAE04EC0-301F-11D3-BF4B-00C04F79EFBC}") = "CSINVManage", "CSINVManage\CSINVManage.csproj", "{5B0C7586-9B1C-4B1A-82C5-A70B9B01E8F3}"
EndProject
Project("{54435603-DBB4-11D2-8724-00A0C9A8B90C}") = "CSINV_Setup", "CSINV_Setup\CSINV_Setup.vdproj", "{69E5F94B-68CC-472F-A125-51250E96A141}"
EndProject
Global
	GlobalSection(SolutionConfigurationPlatforms) = preSolution
		Debug|Any CPU = Debug|Any CPU
		Debug|x86 = Debug|x86
		Release|Any CPU = Release|Any CPU
		Release|x86 = Release|x86
	EndGlobalSection
	GlobalSection(ProjectConfigurationPlatforms) = postSolution
		{5B0C7586-9B1C-4B1A-82C5-A70B9B01E8F3}.Debug|Any CPU.ActiveCfg = Debug|Any CPU
		{5B0C7586-9B1C-4B1A-82C5-A70B9B01E8F3}.Debug|Any CPU.Build.0 = Debug|Any CPU
		{5B0C7586-9B1C-4B1A-82C5-A70B9B01E8F3}.Debug|x86.ActiveCfg = Debug|x86
		{5B0C7586-9B1C-4B1A-82C5-A70B9B01E8F3}.Debug|x86.Build.0 = Debug|x86
		{5B0C7586-9B1C-4B1A-82C5-A70B9B01E8F3}.Release|Any CPU.ActiveCfg = Release|Any CPU
		{5B0C7586-9B1C-4B1A-82C5-A70B9B01E8F3}.Release|Any CPU.Build.0 = Release|Any CPU
		{5B0C7586-9B1C-4B1A-82C5-A70B9B01E8F3}.Release|x86.ActiveCfg = Release|x86
		{5B0C7586-9B1C-4B1A-82C5-A70B9B01E8F3}.Release|x86.Build.0 = Release|x86
		{69E5F94B-68CC-472F-A125-51250E96A141}.Debug|Any CPU.ActiveCfg = Debug
		{69E5F94B-68CC-472F-A125-51250E96A141}.Debug|x86.ActiveCfg = Debug
		{69E5F94B-68CC-472F-A125-51250E96A141}.Release|Any CPU.ActiveCfg = Release
		{69E5F94B-68CC-472F-A125-51250E96A141}.Release|x86.ActiveCfg = Release
	EndGlobalSection
	GlobalSection(SolutionProperties) = preSolution
		HideSolutionNode = FALSE
	EndGlobalSection
EndGlobal
